
Microsoft Visual Studio Solution File, Format Version 12.00
# Visual Studio Version 17
VisualStudioVersion = 17.3.32819.101
MinimumVisualStudioVersion = 10.0.40219.1
Project("{9A19103F-16F7-4668-BE54-9A1E7A4F7556}") = "FirstProgram", "FirstProgram\FirstProgram.csproj", "{D0861E65-FFED-425C-A916-3536F977F136}"
EndProject
Project("{9A19103F-16F7-4668-BE54-9A1E7A4F7556}") = "ConsoleApp1", "ConsoleApp1\ConsoleApp1.csproj", "{00A4BEAB-0961-43AC-87C4-5B8E86F98128}"
EndProject
Project("{9A19103F-16F7-4668-BE54-9A1E7A4F7556}") = "Method", "Method\Method.csproj", "{882762F9-86DD-4533-9EDA-B00468258980}"
EndProject
Project("{9A19103F-16F7-4668-BE54-9A1E7A4F7556}") = "ClassObjectInstance", "ClassObjectInstance\ClassObjectInstance.csproj", "{1236D005-A9EE-4201-A742-3E8AE6FD431F}"
EndProject
Project("{9A19103F-16F7-4668-BE54-9A1E7A4F7556}") = "ClassExample", "ClassExample\ClassExample.csproj", "{FCE22FF7-5E4C-4D44-8D9D-0FC082DDD026}"
EndProject
Project("{9A19103F-16F7-4668-BE54-9A1E7A4F7556}") = "IfStatement", "IfStatement\IfStatement.csproj", "{9052DC2D-DC6E-4D2C-9D0F-8E1818CB5C78}"
EndProject
Project("{9A19103F-16F7-4668-BE54-9A1E7A4F7556}") = "Operators", "Operators\Operators.csproj", "{9F9BDF6C-64F9-4F8B-8D45-C6FED7BBC54E}"
EndProject
Project("{9A19103F-16F7-4668-BE54-9A1E7A4F7556}") = "Array", "Array\Array.csproj", "{7337D515-7C67-4662-926A-5187873FCD3E}"
EndProject
Project("{9A19103F-16F7-4668-BE54-9A1E7A4F7556}") = "LoopStatements", "LoopStatements\LoopStatements.csproj", "{DB241D9F-2AAF-44C5-9891-C626F256E4C9}"
EndProject
Project("{9A19103F-16F7-4668-BE54-9A1E7A4F7556}") = "Array2D", "Array2D\Array2D.csproj", "{93B1E9F6-24C7-42D5-AEDF-0DC6D8FFCC4E}"
EndProject
Project("{9A19103F-16F7-4668-BE54-9A1E7A4F7556}") = "EnumAndSwitch", "EnumAndSwitch\EnumAndSwitch.csproj", "{9BB3ACDA-B42F-49AA-9681-9FF102673BDE}"
EndProject
Project("{9A19103F-16F7-4668-BE54-9A1E7A4F7556}") = "ExampleHorseRacing", "ExampleHorseRacing\ExampleHorseRacing.csproj", "{A90AA531-8F52-4FAA-81BF-DEF12B8CE966}"
EndProject
Project("{9A19103F-16F7-4668-BE54-9A1E7A4F7556}") = "Structure", "Structure\Structure.csproj", "{B5D16E95-3E87-422B-A020-C0DF5496506F}"
EndProject
Project("{FAE04EC0-301F-11D3-BF4B-00C04F79EFBC}") = "Inheritance", "Inheritance\Inheritance.csproj", "{2D633172-3B24-464A-AD89-8608E3F95FFF}"
EndProject
Global
	GlobalSection(SolutionConfigurationPlatforms) = preSolution
		Debug|Any CPU = Debug|Any CPU
		Release|Any CPU = Release|Any CPU
	EndGlobalSection
	GlobalSection(ProjectConfigurationPlatforms) = postSolution
		{D0861E65-FFED-425C-A916-3536F977F136}.Debug|Any CPU.ActiveCfg = Debug|Any CPU
		{D0861E65-FFED-425C-A916-3536F977F136}.Debug|Any CPU.Build.0 = Debug|Any CPU
		{D0861E65-FFED-425C-A916-3536F977F136}.Release|Any CPU.ActiveCfg = Release|Any CPU
		{D0861E65-FFED-425C-A916-3536F977F136}.Release|Any CPU.Build.0 = Release|Any CPU
		{00A4BEAB-0961-43AC-87C4-5B8E86F98128}.Debug|Any CPU.ActiveCfg = Debug|Any CPU
		{00A4BEAB-0961-43AC-87C4-5B8E86F98128}.Debug|Any CPU.Build.0 = Debug|Any CPU
		{00A4BEAB-0961-43AC-87C4-5B8E86F98128}.Release|Any CPU.ActiveCfg = Release|Any CPU
		{00A4BEAB-0961-43AC-87C4-5B8E86F98128}.Release|Any CPU.Build.0 = Release|Any CPU
		{882762F9-86DD-4533-9EDA-B00468258980}.Debug|Any CPU.ActiveCfg = Debug|Any CPU
		{882762F9-86DD-4533-9EDA-B00468258980}.Debug|Any CPU.Build.0 = Debug|Any CPU
		{882762F9-86DD-4533-9EDA-B00468258980}.Release|Any CPU.ActiveCfg = Release|Any CPU
		{882762F9-86DD-4533-9EDA-B00468258980}.Release|Any CPU.Build.0 = Release|Any CPU
		{1236D005-A9EE-4201-A742-3E8AE6FD431F}.Debug|Any CPU.ActiveCfg = Debug|Any CPU
		{1236D005-A9EE-4201-A742-3E8AE6FD431F}.Debug|Any CPU.Build.0 = Debug|Any CPU
		{1236D005-A9EE-4201-A742-3E8AE6FD431F}.Release|Any CPU.ActiveCfg = Release|Any CPU
		{1236D005-A9EE-4201-A742-3E8AE6FD431F}.Release|Any CPU.Build.0 = Release|Any CPU
		{FCE22FF7-5E4C-4D44-8D9D-0FC082DDD026}.Debug|Any CPU.ActiveCfg = Debug|Any CPU
		{FCE22FF7-5E4C-4D44-8D9D-0FC082DDD026}.Debug|Any CPU.Build.0 = Debug|Any CPU
		{FCE22FF7-5E4C-4D44-8D9D-0FC082DDD026}.Release|Any CPU.ActiveCfg = Release|Any CPU
		{FCE22FF7-5E4C-4D44-8D9D-0FC082DDD026}.Release|Any CPU.Build.0 = Release|Any CPU
		{9052DC2D-DC6E-4D2C-9D0F-8E1818CB5C78}.Debug|Any CPU.ActiveCfg = Debug|Any CPU
		{9052DC2D-DC6E-4D2C-9D0F-8E1818CB5C78}.Debug|Any CPU.Build.0 = Debug|Any CPU
		{9052DC2D-DC6E-4D2C-9D0F-8E1818CB5C78}.Release|Any CPU.ActiveCfg = Release|Any CPU
		{9052DC2D-DC6E-4D2C-9D0F-8E1818CB5C78}.Release|Any CPU.Build.0 = Release|Any CPU
		{9F9BDF6C-64F9-4F8B-8D45-C6FED7BBC54E}.Debug|Any CPU.ActiveCfg = Debug|Any CPU
		{9F9BDF6C-64F9-4F8B-8D45-C6FED7BBC54E}.Debug|Any CPU.Build.0 = Debug|Any CPU
		{9F9BDF6C-64F9-4F8B-8D45-C6FED7BBC54E}.Release|Any CPU.ActiveCfg = Release|Any CPU
		{9F9BDF6C-64F9-4F8B-8D45-C6FED7BBC54E}.Release|Any CPU.Build.0 = Release|Any CPU
		{7337D515-7C67-4662-926A-5187873FCD3E}.Debug|Any CPU.ActiveCfg = Debug|Any CPU
		{7337D515-7C67-4662-926A-5187873FCD3E}.Debug|Any CPU.Build.0 = Debug|Any CPU
		{7337D515-7C67-4662-926A-5187873FCD3E}.Release|Any CPU.ActiveCfg = Release|Any CPU
		{7337D515-7C67-4662-926A-5187873FCD3E}.Release|Any CPU.Build.0 = Release|Any CPU
		{DB241D9F-2AAF-44C5-9891-C626F256E4C9}.Debug|Any CPU.ActiveCfg = Debug|Any CPU
		{DB241D9F-2AAF-44C5-9891-C626F256E4C9}.Debug|Any CPU.Build.0 = Debug|Any CPU
		{DB241D9F-2AAF-44C5-9891-C626F256E4C9}.Release|Any CPU.ActiveCfg = Release|Any CPU
		{DB241D9F-2AAF-44C5-9891-C626F256E4C9}.Release|Any CPU.Build.0 = Release|Any CPU
		{93B1E9F6-24C7-42D5-AEDF-0DC6D8FFCC4E}.Debug|Any CPU.ActiveCfg = Debug|Any CPU
		{93B1E9F6-24C7-42D5-AEDF-0DC6D8FFCC4E}.Debug|Any CPU.Build.0 = Debug|Any CPU
		{93B1E9F6-24C7-42D5-AEDF-0DC6D8FFCC4E}.Release|Any CPU.ActiveCfg = Release|Any CPU
		{93B1E9F6-24C7-42D5-AEDF-0DC6D8FFCC4E}.Release|Any CPU.Build.0 = Release|Any CPU
		{9BB3ACDA-B42F-49AA-9681-9FF102673BDE}.Debug|Any CPU.ActiveCfg = Debug|Any CPU
		{9BB3ACDA-B42F-49AA-9681-9FF102673BDE}.Debug|Any CPU.Build.0 = Debug|Any CPU
		{9BB3ACDA-B42F-49AA-9681-9FF102673BDE}.Release|Any CPU.ActiveCfg = Release|Any CPU
		{9BB3ACDA-B42F-49AA-9681-9FF102673BDE}.Release|Any CPU.Build.0 = Release|Any CPU
		{A90AA531-8F52-4FAA-81BF-DEF12B8CE966}.Debug|Any CPU.ActiveCfg = Debug|Any CPU
		{A90AA531-8F52-4FAA-81BF-DEF12B8CE966}.Debug|Any CPU.Build.0 = Debug|Any CPU
		{A90AA531-8F52-4FAA-81BF-DEF12B8CE966}.Release|Any CPU.ActiveCfg = Release|Any CPU
		{A90AA531-8F52-4FAA-81BF-DEF12B8CE966}.Release|Any CPU.Build.0 = Release|Any CPU
		{B5D16E95-3E87-422B-A020-C0DF5496506F}.Debug|Any CPU.ActiveCfg = Debug|Any CPU
		{B5D16E95-3E87-422B-A020-C0DF5496506F}.Debug|Any CPU.Build.0 = Debug|Any CPU
		{B5D16E95-3E87-422B-A020-C0DF5496506F}.Release|Any CPU.ActiveCfg = Release|Any CPU
		{B5D16E95-3E87-422B-A020-C0DF5496506F}.Release|Any CPU.Build.0 = Release|Any CPU
		{2D633172-3B24-464A-AD89-8608E3F95FFF}.Debug|Any CPU.ActiveCfg = Debug|Any CPU
		{2D633172-3B24-464A-AD89-8608E3F95FFF}.Debug|Any CPU.Build.0 = Debug|Any CPU
		{2D633172-3B24-464A-AD89-8608E3F95FFF}.Release|Any CPU.ActiveCfg = Release|Any CPU
		{2D633172-3B24-464A-AD89-8608E3F95FFF}.Release|Any CPU.Build.0 = Release|Any CPU
	EndGlobalSection
	GlobalSection(SolutionProperties) = preSolution
		HideSolutionNode = FALSE
	EndGlobalSection
	GlobalSection(ExtensibilityGlobals) = postSolution
		SolutionGuid = {F634C9C3-F531-4BA9-93A1-5C3D54123693}
	EndGlobalSection
EndGlobal
